
Microsoft Visual Studio Solution File, Format Version 12.00
# Visual Studio Version 17
VisualStudioVersion = 17.9.34728.123
MinimumVisualStudioVersion = 10.0.40219.1
Project("{FAE04EC0-301F-11D3-BF4B-00C04F79EFBC}") = "HelloWorld", "HelloWorld\HelloWorld.csproj", "{40CB79A7-8D79-4144-A65E-FC6BF928174D}"
EndProject
Global
	GlobalSection(SolutionConfigurationPlatforms) = preSolution
		Debug|Any CPU = Debug|Any CPU
		Release|Any CPU = Release|Any CPU
	EndGlobalSection
	GlobalSection(ProjectConfigurationPlatforms) = postSolution
		{40CB79A7-8D79-4144-A65E-FC6BF928174D}.Debug|Any CPU.ActiveCfg = Debug|Any CPU
		{40CB79A7-8D79-4144-A65E-FC6BF928174D}.Debug|Any CPU.Build.0 = Debug|Any CPU
		{40CB79A7-8D79-4144-A65E-FC6BF928174D}.Release|Any CPU.ActiveCfg = Release|Any CPU
		{40CB79A7-8D79-4144-A65E-FC6BF928174D}.Release|Any CPU.Build.0 = Release|Any CPU
	EndGlobalSection
	GlobalSection(SolutionProperties) = preSolution
		HideSolutionNode = FALSE
	EndGlobalSection
	GlobalSection(ExtensibilityGlobals) = postSolution
		SolutionGuid = {7D56B0C4-5791-488B-BE2E-2EE0DE063384}
	EndGlobalSection
EndGlobal
