
Microsoft Visual Studio Solution File, Format Version 12.00
# Visual Studio Version 17
VisualStudioVersion = 17.9.34728.123
MinimumVisualStudioVersion = 10.0.40219.1
Project("{FAE04EC0-301F-11D3-BF4B-00C04F79EFBC}") = "Fundamentals", "Fundamentals\Fundamentals.csproj", "{5AA278BB-7E42-47EC-9726-6A896D6723DF}"
EndProject
Global
	GlobalSection(SolutionConfigurationPlatforms) = preSolution
		Debug|Any CPU = Debug|Any CPU
		Release|Any CPU = Release|Any CPU
	EndGlobalSection
	GlobalSection(ProjectConfigurationPlatforms) = postSolution
		{5AA278BB-7E42-47EC-9726-6A896D6723DF}.Debug|Any CPU.ActiveCfg = Debug|Any CPU
		{5AA278BB-7E42-47EC-9726-6A896D6723DF}.Debug|Any CPU.Build.0 = Debug|Any CPU
		{5AA278BB-7E42-47EC-9726-6A896D6723DF}.Release|Any CPU.ActiveCfg = Release|Any CPU
		{5AA278BB-7E42-47EC-9726-6A896D6723DF}.Release|Any CPU.Build.0 = Release|Any CPU
	EndGlobalSection
	GlobalSection(SolutionProperties) = preSolution
		HideSolutionNode = FALSE
	EndGlobalSection
	GlobalSection(ExtensibilityGlobals) = postSolution
		SolutionGuid = {3CADB9A5-AA40-423E-A4EB-7928C26DC148}
	EndGlobalSection
EndGlobal
